
Microsoft Visual Studio Solution File, Format Version 12.00
# Visual Studio 14
VisualStudioVersion = 14.0.25420.1
MinimumVisualStudioVersion = 10.0.40219.1
Project("{FAE04EC0-301F-11D3-BF4B-00C04F79EFBC}") = "Mahjong", "Mahjong\Mahjong.csproj", "{2EE8F5C3-C7D9-4078-9F61-2FF114331AC0}"
EndProject
Project("{FAE04EC0-301F-11D3-BF4B-00C04F79EFBC}") = "Engine", "Engine\Engine.csproj", "{FE92F08D-D896-4231-A933-E30D5E45FF10}"
EndProject
Global
	GlobalSection(SolutionConfigurationPlatforms) = preSolution
		Debug|Any CPU = Debug|Any CPU
		Release|Any CPU = Release|Any CPU
	EndGlobalSection
	GlobalSection(ProjectConfigurationPlatforms) = postSolution
		{2EE8F5C3-C7D9-4078-9F61-2FF114331AC0}.Debug|Any CPU.ActiveCfg = Debug|Any CPU
		{2EE8F5C3-C7D9-4078-9F61-2FF114331AC0}.Debug|Any CPU.Build.0 = Debug|Any CPU
		{2EE8F5C3-C7D9-4078-9F61-2FF114331AC0}.Release|Any CPU.ActiveCfg = Release|Any CPU
		{2EE8F5C3-C7D9-4078-9F61-2FF114331AC0}.Release|Any CPU.Build.0 = Release|Any CPU
		{FE92F08D-D896-4231-A933-E30D5E45FF10}.Debug|Any CPU.ActiveCfg = Debug|Any CPU
		{FE92F08D-D896-4231-A933-E30D5E45FF10}.Debug|Any CPU.Build.0 = Debug|Any CPU
		{FE92F08D-D896-4231-A933-E30D5E45FF10}.Release|Any CPU.ActiveCfg = Release|Any CPU
		{FE92F08D-D896-4231-A933-E30D5E45FF10}.Release|Any CPU.Build.0 = Release|Any CPU
	EndGlobalSection
	GlobalSection(SolutionProperties) = preSolution
		HideSolutionNode = FALSE
	EndGlobalSection
EndGlobal
